
Microsoft Visual Studio Solution File, Format Version 12.00
# Visual Studio Version 18
VisualStudioVersion = 18.0.11111.16 d18.0
MinimumVisualStudioVersion = 10.0.40219.1
Project("{8BC9CEB8-8B4A-11D0-8D11-00A0C91BC942}") = "CAD_DB", "CAD_DB\CAD_DB.vcxproj", "{5E33354C-9FD6-4B95-B5CF-924478F548C6}"
EndProject
Global
	GlobalSection(SolutionConfigurationPlatforms) = preSolution
		Debug|x64 = Debug|x64
		Release|x64 = Release|x64
	EndGlobalSection
	GlobalSection(ProjectConfigurationPlatforms) = postSolution
		{5E33354C-9FD6-4B95-B5CF-924478F548C6}.Debug|x64.ActiveCfg = Debug|x64
		{5E33354C-9FD6-4B95-B5CF-924478F548C6}.Debug|x64.Build.0 = Debug|x64
		{5E33354C-9FD6-4B95-B5CF-924478F548C6}.Release|x64.ActiveCfg = Release|x64
		{5E33354C-9FD6-4B95-B5CF-924478F548C6}.Release|x64.Build.0 = Release|x64
	EndGlobalSection
	GlobalSection(SolutionProperties) = preSolution
		HideSolutionNode = FALSE
	EndGlobalSection
	GlobalSection(ExtensibilityGlobals) = postSolution
		SolutionGuid = {7C5EEC77-A685-4834-814D-4EF08732827A}
	EndGlobalSection
EndGlobal
